// !$*UTF8*$!
{
	archiveVersion = 1;
	classes = {
	};
	objectVersion = 48;
	objects = {

/* Begin PBXBuildFile section */
		6B872AF52020A7DE00225FEA /* AppDelegate.swift in Sources */ = {isa = PBXBuildFile; fileRef = 6B872AF42020A7DE00225FEA /* AppDelegate.swift */; };
		6B872AF72020A7DE00225FEA /* ViewController.swift in Sources */ = {isa = PBXBuildFile; fileRef = 6B872AF62020A7DE00225FEA /* ViewController.swift */; };
		6B872AFA2020A7DE00225FEA /* Main.storyboard in Resources */ = {isa = PBXBuildFile; fileRef = 6B872AF82020A7DE00225FEA /* Main.storyboard */; };
		6B872AFC2020A7DE00225FEA /* Assets.xcassets in Resources */ = {isa = PBXBuildFile; fileRef = 6B872AFB2020A7DE00225FEA /* Assets.xcassets */; };
		6B872AFF2020A7DE00225FEA /* LaunchScreen.storyboard in Resources */ = {isa = PBXBuildFile; fileRef = 6B872AFD2020A7DE00225FEA /* LaunchScreen.storyboard */; };
/* End PBXBuildFile section */

/* Begin PBXFileReference section */
		6B872AF12020A7DE00225FEA /* GetOutTechTest.app */ = {isa = PBXFileReference; explicitFileType = wrapper.application; includeInIndex = 0; path = GetOutTechTest.app; sourceTree = BUILT_PRODUCTS_DIR; };
		6B872AF42020A7DE00225FEA /* AppDelegate.swift */ = {isa = PBXFileReference; lastKnownFileType = sourcecode.swift; path = AppDelegate.swift; sourceTree = "<group>"; };
		6B872AF62020A7DE00225FEA /* ViewController.swift */ = {isa = PBXFileReference; lastKnownFileType = sourcecode.swift; path = ViewController.swift; sourceTree = "<group>"; };
		6B872AF92020A7DE00225FEA /* Base */ = {isa = PBXFileReference; lastKnownFileType = file.storyboard; name = Base; path = Base.lproj/Main.storyboard; sourceTree = "<group>"; };
		6B872AFB2020A7DE00225FEA /* Assets.xcassets */ = {isa = PBXFileReference; lastKnownFileType = folder.assetcatalog; path = Assets.xcassets; sourceTree = "<group>"; };
		6B872AFE2020A7DE00225FEA /* Base */ = {isa = PBXFileReference; lastKnownFileType = file.storyboard; name = Base; path = Base.lproj/LaunchScreen.storyboard; sourceTree = "<group>"; };
		6B872B002020A7DE00225FEA /* Info.plist */ = {isa = PBXFileReference; lastKnownFileType = text.plist.xml; path = Info.plist; sourceTree = "<group>"; };
/* End PBXFileReference section */

/* Begin PBXFrameworksBuildPhase section */
		6B872AEE2020A7DE00225FEA /* Frameworks */ = {
			isa = PBXFrameworksBuildPhase;
			buildActionMask = 2147483647;
			files = (
			);
			runOnlyForDeploymentPostprocessing = 0;
		};
/* End PBXFrameworksBuildPhase section */

/* Begin PBXGroup section */
		6B872AE82020A7DE00225FEA = {
			isa = PBXGroup;
			children = (
				6B872AF32020A7DE00225FEA /* GetOutTechTest */,
				6B872AF22020A7DE00225FEA /* Products */,
			);
			sourceTree = "<group>";
		};
		6B872AF22020A7DE00225FEA /* Products */ = {
			isa = PBXGroup;
			children = (
				6B872AF12020A7DE00225FEA /* GetOutTechTest.app */,
			);
			name = Products;
			sourceTree = "<group>";
		};
		6B872AF32020A7DE00225FEA /* GetOutTechTest */ = {
			isa = PBXGroup;
			children = (
				6B872AF42020A7DE00225FEA /* AppDelegate.swift */,
				6B872AF62020A7DE00225FEA /* ViewController.swift */,
				6B872AF82020A7DE00225FEA /* Main.storyboard */,
				6B872AFB2020A7DE00225FEA /* Assets.xcassets */,
				6B872AFD2020A7DE00225FEA /* LaunchScreen.storyboard */,
				6B872B002020A7DE00225FEA /* Info.plist */,
			);
			path = GetOutTechTest;
			sourceTree = "<group>";
		};
/* End PBXGroup section */

/* Begin PBXNativeTarget section */
		6B872AF02020A7DE00225FEA /* GetOutTechTest */ = {
			isa = PBXNativeTarget;
			buildConfigurationList = 6B872B032020A7DE00225FEA /* Build configuration list for PBXNativeTarget "GetOutTechTest" */;
			buildPhases = (
				6B872AED2020A7DE00225FEA /* Sources */,
				6B872AEE2020A7DE00225FEA /* Frameworks */,
				6B872AEF2020A7DE00225FEA /* Resources */,
			);
			buildRules = (
			);
			dependencies = (
			);
			name = GetOutTechTest;
			productName = GetOutTechTest;
			productReference = 6B872AF12020A7DE00225FEA /* GetOutTechTest.app */;
			productType = "com.apple.product-type.application";
		};
/* End PBXNativeTarget section */

/* Begin PBXProject section */
		6B872AE92020A7DE00225FEA /* Project object */ = {
			isa = PBXProject;
			attributes = {
				LastSwiftUpdateCheck = 0910;
				LastUpgradeCheck = 0910;
				ORGANIZATIONNAME = Monocular;
				TargetAttributes = {
					6B872AF02020A7DE00225FEA = {
						CreatedOnToolsVersion = 9.1;
						ProvisioningStyle = Automatic;
					};
				};
			};
			buildConfigurationList = 6B872AEC2020A7DE00225FEA /* Build configuration list for PBXProject "GetOutTechTest" */;
			compatibilityVersion = "Xcode 8.0";
			developmentRegion = en;
			hasScannedForEncodings = 0;
			knownRegions = (
				en,
				Base,
			);
			mainGroup = 6B872AE82020A7DE00225FEA;
			productRefGroup = 6B872AF22020A7DE00225FEA /* Products */;
			projectDirPath = "";
			projectRoot = "";
			targets = (
				6B872AF02020A7DE00225FEA /* GetOutTechTest */,
			);
		};
/* End PBXProject section */

/* Begin PBXResourcesBuildPhase section */
		6B872AEF2020A7DE00225FEA /* Resources */ = {
			isa = PBXResourcesBuildPhase;
			buildActionMask = 2147483647;
			files = (
				6B872AFF2020A7DE00225FEA /* LaunchScreen.storyboard in Resources */,
				6B872AFC2020A7DE00225FEA /* Assets.xcassets in Resources */,
				6B872AFA2020A7DE00225FEA /* Main.storyboard in Resources */,
			);
			runOnlyForDeploymentPostprocessing = 0;
		};
/* End PBXResourcesBuildPhase section */

/* Begin PBXSourcesBuildPhase section */
		6B872AED2020A7DE00225FEA /* Sources */ = {
			isa = PBXSourcesBuildPhase;
			buildActionMask = 2147483647;
			files = (
				6B872AF72020A7DE00225FEA /* ViewController.swift in Sources */,
				6B872AF52020A7DE00225FEA /* AppDelegate.swift in Sources */,
			);
			runOnlyForDeploymentPostprocessing = 0;
		};
/* End PBXSourcesBuildPhase section */

/* Begin PBXVariantGroup section */
		6B872AF82020A7DE00225FEA /* Main.storyboard */ = {
			isa = PBXVariantGroup;
			children = (
				6B872AF92020A7DE00225FEA /* Base */,
			);
			name = Main.storyboard;
			sourceTree = "<group>";
		};
		6B872AFD2020A7DE00225FEA /* LaunchScreen.storyboard */ = {
			isa = PBXVariantGroup;
			children = (
				6B872AFE2020A7DE00225FEA /* Base */,
			);
			name = LaunchScreen.storyboard;
			sourceTree = "<group>";
		};
/* End PBXVariantGroup section */

/* Begin XCBuildConfiguration section */
		6B872B012020A7DE00225FEA /* Debug */ = {
			isa = XCBuildConfiguration;
			buildSettings = {
				ALWAYS_SEARCH_USER_PATHS = NO;
				CLANG_ANALYZER_NONNULL = YES;
				CLANG_ANALYZER_NUMBER_OBJECT_CONVERSION = YES_AGGRESSIVE;
				CLANG_CXX_LANGUAGE_STANDARD = "gnu++14";
				CLANG_CXX_LIBRARY = "libc++";
				CLANG_ENABLE_MODULES = YES;
				CLANG_ENABLE_OBJC_ARC = YES;
				CLANG_WARN_BLOCK_CAPTURE_AUTORELEASING = YES;
				CLANG_WARN_BOOL_CONVERSION = YES;
				CLANG_WARN_COMMA = YES;
				CLANG_WARN_CONSTANT_CONVERSION = YES;
				CLANG_WARN_DIRECT_OBJC_ISA_USAGE = YES_ERROR;
				CLANG_WARN_DOCUMENTATION_COMMENTS = YES;
				CLANG_WARN_EMPTY_BODY = YES;
				CLANG_WARN_ENUM_CONVERSION = YES;
				CLANG_WARN_INFINITE_RECURSION = YES;
				CLANG_WARN_INT_CONVERSION = YES;
				CLANG_WARN_NON_LITERAL_NULL_CONVERSION = YES;
				CLANG_WARN_OBJC_LITERAL_CONVERSION = YES;
				CLANG_WARN_OBJC_ROOT_CLASS = YES_ERROR;
				CLANG_WARN_RANGE_LOOP_ANALYSIS = YES;
				CLANG_WARN_STRICT_PROTOTYPES = YES;
				CLANG_WARN_SUSPICIOUS_MOVE = YES;
				CLANG_WARN_UNGUARDED_AVAILABILITY = YES_AGGRESSIVE;
				CLANG_WARN_UNREACHABLE_CODE = YES;
				CLANG_WARN__DUPLICATE_METHOD_MATCH = YES;
				CODE_SIGN_IDENTITY = "iPhone Developer";
				COPY_PHASE_STRIP = NO;
				DEBUG_INFORMATION_FORMAT = dwarf;
				ENABLE_STRICT_OBJC_MSGSEND = YES;
				ENABLE_TESTABILITY = YES;
				GCC_C_LANGUAGE_STANDARD = gnu11;
				GCC_DYNAMIC_NO_PIC = NO;
				GCC_NO_COMMON_BLOCKS = YES;
				GCC_OPTIMIZATION_LEVEL = 0;
				GCC_PREPROCESSOR_DEFINITIONS = (
					"DEBUG=1",
					"$(inherited)",
				);
				GCC_WARN_64_TO_32_BIT_CONVERSION = YES;
				GCC_WARN_ABOUT_RETURN_TYPE = YES_ERROR;
				GCC_WARN_UNDECLARED_SELECTOR = YES;
				GCC_WARN_UNINITIALIZED_AUTOS = YES_AGGRESSIVE;
				GCC_WARN_UNUSED_FUNCTION = YES;
				GCC_WARN_UNUSED_VARIABLE = YES;
				IPHONEOS_DEPLOYMENT_TARGET = 11.1;
				MTL_ENABLE_DEBUG_INFO = YES;
				ONLY_ACTIVE_ARCH = YES;
				SDKROOT = iphoneos;
				SWIFT_ACTIVE_COMPILATION_CONDITIONS = DEBUG;
				SWIFT_OPTIMIZATION_LEVEL = "-Onone";
			};
			name = Debug;
		};
		6B872B022020A7DE00225FEA /* Release */ = {
			isa = XCBuildConfiguration;
			buildSettings = {
				ALWAYS_SEARCH_USER_PATHS = NO;
				CLANG_ANALYZER_NONNULL = YES;
				CLANG_ANALYZER_NUMBER_OBJECT_CONVERSION = YES_AGGRESSIVE;
				CLANG_CXX_LANGUAGE_STANDARD = "gnu++14";
				CLANG_CXX_LIBRARY = "libc++";
				CLANG_ENABLE_MODULES = YES;
				CLANG_ENABLE_OBJC_ARC = YES;
				CLANG_WARN_BLOCK_CAPTURE_AUTORELEASING = YES;
				CLANG_WARN_BOOL_CONVERSION = YES;
				CLANG_WARN_COMMA = YES;
				CLANG_WARN_CONSTANT_CONVERSION = YES;
				CLANG_WARN_DIRECT_OBJC_ISA_USAGE = YES_ERROR;
				CLANG_WARN_DOCUMENTATION_COMMENTS = YES;
				CLANG_WARN_EMPTY_BODY = YES;
				CLANG_WARN_ENUM_CONVERSION = YES;
				CLANG_WARN_INFINITE_RECURSION = YES;
				CLANG_WARN_INT_CONVERSION = YES;
				CLANG_WARN_NON_LITERAL_NULL_CONVERSION = YES;
				CLANG_WARN_OBJC_LITERAL_CONVERSION = YES;
				CLANG_WARN_OBJC_ROOT_CLASS = YES_ERROR;
				CLANG_WARN_RANGE_LOOP_ANALYSIS = YES;
				CLANG_WARN_STRICT_PROTOTYPES = YES;
				CLANG_WARN_SUSPICIOUS_MOVE = YES;
				CLANG_WARN_UNGUARDED_AVAILABILITY = YES_AGGRESSIVE;
				CLANG_WARN_UNREACHABLE_CODE = YES;
				CLANG_WARN__DUPLICATE_METHOD_MATCH = YES;
				CODE_SIGN_IDENTITY = "iPhone Developer";
				COPY_PHASE_STRIP = NO;
				DEBUG_INFORMATION_FORMAT = "dwarf-with-dsym";
				ENABLE_NS_ASSERTIONS = NO;
				ENABLE_STRICT_OBJC_MSGSEND = YES;
				GCC_C_LANGUAGE_STANDARD = gnu11;
				GCC_NO_COMMON_BLOCKS = YES;
				GCC_WARN_64_TO_32_BIT_CONVERSION = YES;
				GCC_WARN_ABOUT_RETURN_TYPE = YES_ERROR;
				GCC_WARN_UNDECLARED_SELECTOR = YES;
				GCC_WARN_UNINITIALIZED_AUTOS = YES_AGGRESSIVE;
				GCC_WARN_UNUSED_FUNCTION = YES;
				GCC_WARN_UNUSED_VARIABLE = YES;
				IPHONEOS_DEPLOYMENT_TARGET = 11.1;
				MTL_ENABLE_DEBUG_INFO = NO;
				SDKROOT = iphoneos;
				SWIFT_OPTIMIZATION_LEVEL = "-Owholemodule";
				VALIDATE_PRODUCT = YES;
			};
			name = Release;
		};
		6B872B042020A7DE00225FEA /* Debug */ = {
			isa = XCBuildConfiguration;
			buildSettings = {
				ASSETCATALOG_COMPILER_APPICON_NAME = AppIcon;
				CODE_SIGN_STYLE = Automatic;
				DEVELOPMENT_TEAM = 2P77L4PK33;
				INFOPLIST_FILE = GetOutTechTest/Info.plist;
				LD_RUNPATH_SEARCH_PATHS = "$(inherited) @executable_path/Frameworks";
				PRODUCT_BUNDLE_IDENTIFIER = io.monocular.GetOutTechTest;
				PRODUCT_NAME = "$(TARGET_NAME)";
				SWIFT_VERSION = 4.0;
				TARGETED_DEVICE_FAMILY = "1,2";
			};
			name = Debug;
		};
		6B872B052020A7DE00225FEA /* Release */ = {
			isa = XCBuildConfiguration;
			buildSettings = {
				ASSETCATALOG_COMPILER_APPICON_NAME = AppIcon;
				CODE_SIGN_STYLE = Automatic;
				DEVELOPMENT_TEAM = 2P77L4PK33;
				INFOPLIST_FILE = GetOutTechTest/Info.plist;
				LD_RUNPATH_SEARCH_PATHS = "$(inherited) @executable_path/Frameworks";
				PRODUCT_BUNDLE_IDENTIFIER = io.monocular.GetOutTechTest;
				PRODUCT_NAME = "$(TARGET_NAME)";
				SWIFT_VERSION = 4.0;
				TARGETED_DEVICE_FAMILY = "1,2";
			};
			name = Release;
		};
/* End XCBuildConfiguration section */

/* Begin XCConfigurationList section */
		6B872AEC2020A7DE00225FEA /* Build configuration list for PBXProject "GetOutTechTest" */ = {
			isa = XCConfigurationList;
			buildConfigurations = (
				6B872B012020A7DE00225FEA /* Debug */,
				6B872B022020A7DE00225FEA /* Release */,
			);
			defaultConfigurationIsVisible = 0;
			defaultConfigurationName = Release;
		};
		6B872B032020A7DE00225FEA /* Build configuration list for PBXNativeTarget "GetOutTechTest" */ = {
			isa = XCConfigurationList;
			buildConfigurations = (
				6B872B042020A7DE00225FEA /* Debug */,
				6B872B052020A7DE00225FEA /* Release */,
			);
			defaultConfigurationIsVisible = 0;
			defaultConfigurationName = Release;
		};
/* End XCConfigurationList section */
	};
	rootObject = 6B872AE92020A7DE00225FEA /* Project object */;
}
